Microsoft Visual Studio Solution File, Format Version 12.00
# Visual Studio 15
VisualStudioVersion = 15.0.27004.2008
MinimumVisualStudioVersion = 15.0
Project("{1EA255A1-D331-41E9-8D3E-A49D240741BE}") = "Oxide.Core", "Oxide.Core\Oxide.Core.csproj", "{67F65F5D-A62A-4752-849D-BFF30D828107}"
EndProject
Global
	GlobalSection(SolutionConfigurationPlatforms) = preSolution
		Debug|Any CPU = Debug|Any CPU
		Debug|x64 = Debug|x64
		Release|Any CPU = Release|Any CPU
		Release|x64 = Release|x64
	EndGlobalSection
	GlobalSection(ProjectConfigurationPlatforms) = postSolution
		{67F65F5D-A62A-4752-849D-BFF30D828107}.Debug|Any CPU.ActiveCfg = Debug|Any CPU
		{67F65F5D-A62A-4752-849D-BFF30D828107}.Debug|Any CPU.Build.0 = Debug|Any CPU
		{67F65F5D-A62A-4752-849D-BFF30D828107}.Debug|x64.ActiveCfg = Debug|Any CPU
		{67F65F5D-A62A-4752-849D-BFF30D828107}.Debug|x64.Build.0 = Debug|Any CPU
		{67F65F5D-A62A-4752-849D-BFF30D828107}.Release|Any CPU.ActiveCfg = Release|Any CPU
		{67F65F5D-A62A-4752-849D-BFF30D828107}.Release|Any CPU.Build.0 = Release|Any CPU
		{67F65F5D-A62A-4752-849D-BFF30D828107}.Release|x64.ActiveCfg = Release|Any CPU
		{67F65F5D-A62A-4752-849D-BFF30D828107}.Release|x64.Build.0 = Release|Any CPU
	EndGlobalSection
	GlobalSection(SolutionProperties) = preSolution
		HideSolutionNode = FALSE
	EndGlobalSection
	GlobalSection(ExtensibilityGlobals) = postSolution
		SolutionGuid = {7BE7278D-4F74-42FD-BE5A-05FC2872BABF}
	EndGlobalSection
EndGlobal
